
Microsoft Visual Studio Solution File, Format Version 11.00
# Visual Studio 2010
Project("{FAE04EC0-301F-11D3-BF4B-00C04F79EFBC}") = "Lecture4Examples", "LectureExamples\LectureExamples\Lecture4Examples.csproj", "{3EA35BD5-6D52-4F97-8039-C54EAF5800AA}"
EndProject
Project("{FAE04EC0-301F-11D3-BF4B-00C04F79EFBC}") = "Lecture4ExamplesContent", "LectureExamples\LectureExamplesContent\Lecture4ExamplesContent.contentproj", "{B4EACE6C-38D9-4599-A4F2-62388F623523}"
EndProject
Project("{FAE04EC0-301F-11D3-BF4B-00C04F79EFBC}") = "LectureExamples5", "LectureExamples5\LectureExamples5\LectureExamples5.csproj", "{C4ADE0E9-3529-4D38-B9DA-03EB638894E8}"
EndProject
Project("{FAE04EC0-301F-11D3-BF4B-00C04F79EFBC}") = "LectureExamples5Content", "LectureExamples5\LectureExamples5Content\LectureExamples5Content.contentproj", "{CC0362A9-3C08-4AFA-BAFD-0FFF2BCA446E}"
EndProject
Project("{FAE04EC0-301F-11D3-BF4B-00C04F79EFBC}") = "SolutionLecture5", "Lecture5Solution\SolutionLecture5.csproj", "{ED6ED416-3B5A-4741-9082-079D54F85030}"
EndProject
Project("{FAE04EC0-301F-11D3-BF4B-00C04F79EFBC}") = "Lecture6Examples", "Lecture6Examples\Lecture6Examples\Lecture6Examples.csproj", "{6ACC4765-D087-4FF0-9426-675596AC75F1}"
EndProject
Project("{FAE04EC0-301F-11D3-BF4B-00C04F79EFBC}") = "Lecture6ExamplesContent", "Lecture6Examples\Lecture6ExamplesContent\Lecture6ExamplesContent.contentproj", "{F5E48649-FEB2-44B5-A71D-4988D18B0E6E}"
EndProject
Project("{FAE04EC0-301F-11D3-BF4B-00C04F79EFBC}") = "Lecture7Examples", "Lecture7Examples\Lecture7Examples\Lecture7Examples.csproj", "{0E807AAB-FBC3-43CF-A6AF-B05CCC4340C5}"
EndProject
Project("{96E2B04D-8817-42C6-938A-82C39BA4D311}") = "Lecture7ExamplesContent", "Lecture7Examples\Lecture7ExamplesContent\Lecture7ExamplesContent.contentproj", "{630B8DBA-C8DD-4367-9076-4D897E2FA4C4}"
EndProject
Global
	GlobalSection(SolutionConfigurationPlatforms) = preSolution
		Debug|x86 = Debug|x86
		Release|x86 = Release|x86
	EndGlobalSection
	GlobalSection(ProjectConfigurationPlatforms) = postSolution
		{3EA35BD5-6D52-4F97-8039-C54EAF5800AA}.Debug|x86.ActiveCfg = Debug|x86
		{3EA35BD5-6D52-4F97-8039-C54EAF5800AA}.Debug|x86.Build.0 = Debug|x86
		{3EA35BD5-6D52-4F97-8039-C54EAF5800AA}.Release|x86.ActiveCfg = Release|x86
		{3EA35BD5-6D52-4F97-8039-C54EAF5800AA}.Release|x86.Build.0 = Release|x86
		{B4EACE6C-38D9-4599-A4F2-62388F623523}.Debug|x86.ActiveCfg = Debug|x86
		{B4EACE6C-38D9-4599-A4F2-62388F623523}.Release|x86.ActiveCfg = Release|x86
		{C4ADE0E9-3529-4D38-B9DA-03EB638894E8}.Debug|x86.ActiveCfg = Debug|x86
		{C4ADE0E9-3529-4D38-B9DA-03EB638894E8}.Debug|x86.Build.0 = Debug|x86
		{C4ADE0E9-3529-4D38-B9DA-03EB638894E8}.Release|x86.ActiveCfg = Release|x86
		{C4ADE0E9-3529-4D38-B9DA-03EB638894E8}.Release|x86.Build.0 = Release|x86
		{CC0362A9-3C08-4AFA-BAFD-0FFF2BCA446E}.Debug|x86.ActiveCfg = Debug|x86
		{CC0362A9-3C08-4AFA-BAFD-0FFF2BCA446E}.Release|x86.ActiveCfg = Release|x86
		{ED6ED416-3B5A-4741-9082-079D54F85030}.Debug|x86.ActiveCfg = Debug|x86
		{ED6ED416-3B5A-4741-9082-079D54F85030}.Debug|x86.Build.0 = Debug|x86
		{ED6ED416-3B5A-4741-9082-079D54F85030}.Release|x86.ActiveCfg = Release|x86
		{ED6ED416-3B5A-4741-9082-079D54F85030}.Release|x86.Build.0 = Release|x86
		{6ACC4765-D087-4FF0-9426-675596AC75F1}.Debug|x86.ActiveCfg = Debug|x86
		{6ACC4765-D087-4FF0-9426-675596AC75F1}.Debug|x86.Build.0 = Debug|x86
		{6ACC4765-D087-4FF0-9426-675596AC75F1}.Release|x86.ActiveCfg = Release|x86
		{6ACC4765-D087-4FF0-9426-675596AC75F1}.Release|x86.Build.0 = Release|x86
		{F5E48649-FEB2-44B5-A71D-4988D18B0E6E}.Debug|x86.ActiveCfg = Debug|x86
		{F5E48649-FEB2-44B5-A71D-4988D18B0E6E}.Release|x86.ActiveCfg = Release|x86
		{0E807AAB-FBC3-43CF-A6AF-B05CCC4340C5}.Debug|x86.ActiveCfg = Debug|x86
		{0E807AAB-FBC3-43CF-A6AF-B05CCC4340C5}.Debug|x86.Build.0 = Debug|x86
		{0E807AAB-FBC3-43CF-A6AF-B05CCC4340C5}.Release|x86.ActiveCfg = Release|x86
		{0E807AAB-FBC3-43CF-A6AF-B05CCC4340C5}.Release|x86.Build.0 = Release|x86
		{630B8DBA-C8DD-4367-9076-4D897E2FA4C4}.Debug|x86.ActiveCfg = Debug|x86
		{630B8DBA-C8DD-4367-9076-4D897E2FA4C4}.Release|x86.ActiveCfg = Release|x86
	EndGlobalSection
	GlobalSection(SolutionProperties) = preSolution
		HideSolutionNode = FALSE
	EndGlobalSection
EndGlobal
