
Microsoft Visual Studio Solution File, Format Version 11.00
# Visual Studio 2010
Project("{FAE04EC0-301F-11D3-BF4B-00C04F79EFBC}") = "Lecture4Examples", "LectureExamples\LectureExamples\Lecture4Examples.csproj", "{3EA35BD5-6D52-4F97-8039-C54EAF5800AA}"
EndProject
Project("{FAE04EC0-301F-11D3-BF4B-00C04F79EFBC}") = "Lecture4ExamplesContent", "LectureExamples\LectureExamplesContent\Lecture4ExamplesContent.contentproj", "{B4EACE6C-38D9-4599-A4F2-62388F623523}"
EndProject
Project("{FAE04EC0-301F-11D3-BF4B-00C04F79EFBC}") = "LectureExamples5", "LectureExamples5\LectureExamples5\LectureExamples5.csproj", "{C4ADE0E9-3529-4D38-B9DA-03EB638894E8}"
EndProject
Project("{FAE04EC0-301F-11D3-BF4B-00C04F79EFBC}") = "LectureExamples5Content", "LectureExamples5\LectureExamples5Content\LectureExamples5Content.contentproj", "{CC0362A9-3C08-4AFA-BAFD-0FFF2BCA446E}"
EndProject
Project("{FAE04EC0-301F-11D3-BF4B-00C04F79EFBC}") = "SolutionLecture5", "Lecture5Solution\SolutionLecture5.csproj", "{ED6ED416-3B5A-4741-9082-079D54F85030}"
EndProject
Project("{FAE04EC0-301F-11D3-BF4B-00C04F79EFBC}") = "Lecture6Examples", "Lecture6Examples\Lecture6Examples\Lecture6Examples.csproj", "{6ACC4765-D087-4FF0-9426-675596AC75F1}"
EndProject
Project("{FAE04EC0-301F-11D3-BF4B-00C04F79EFBC}") = "Lecture6ExamplesContent", "Lecture6Examples\Lecture6ExamplesContent\Lecture6ExamplesContent.contentproj", "{F5E48649-FEB2-44B5-A71D-4988D18B0E6E}"
EndProject
Project("{FAE04EC0-301F-11D3-BF4B-00C04F79EFBC}") = "Lecture7Examples", "Lecture7Examples\Lecture7Examples\Lecture7Examples.csproj", "{0E807AAB-FBC3-43CF-A6AF-B05CCC4340C5}"
EndProject
Project("{FAE04EC0-301F-11D3-BF4B-00C04F79EFBC}") = "Lecture7ExamplesContent", "Lecture7Examples\Lecture7ExamplesContent\Lecture7ExamplesContent.contentproj", "{630B8DBA-C8DD-4367-9076-4D897E2FA4C4}"
EndProject
Project("{FAE04EC0-301F-11D3-BF4B-00C04F79EFBC}") = "Lecture8Game", "Lecture8Game\Lecture8Game\Lecture8Game.csproj", "{7EA27BDE-0D6A-4CBE-8520-2025F703DBCA}"
EndProject
Project("{FAE04EC0-301F-11D3-BF4B-00C04F79EFBC}") = "Lecture8GameContent", "Lecture8Game\Lecture8GameContent\Lecture8GameContent.contentproj", "{9C1EE8BD-CA3B-4304-BA16-81BCB559B869}"
EndProject
Project("{FAE04EC0-301F-11D3-BF4B-00C04F79EFBC}") = "Windows Phone Copy of Lecture8Game", "Lecture8Game\Lecture8Game\Windows Phone Copy of Lecture8Game.csproj", "{1C542617-43B4-444F-8EB2-63A1801AF4A6}"
EndProject
Project("{FAE04EC0-301F-11D3-BF4B-00C04F79EFBC}") = "Lecture9Examples", "Lecture9Examples\Lecture9Examples\Lecture9Examples.csproj", "{439F9926-1A38-43CA-A82D-6E66C5550442}"
EndProject
Project("{FAE04EC0-301F-11D3-BF4B-00C04F79EFBC}") = "Lecture10Examples", "Lecture10Examples\Lecture10Examples\Lecture10Examples.csproj", "{5DE40937-807D-45BF-979C-C52A713DCFCE}"
EndProject
Project("{FAE04EC0-301F-11D3-BF4B-00C04F79EFBC}") = "Lecture10ExamplesContent", "Lecture10Examples\Lecture10ExamplesContent\Lecture10ExamplesContent.contentproj", "{BCA1F4AB-7E08-4505-BD05-5038D6FFEAC7}"
EndProject
Project("{FAE04EC0-301F-11D3-BF4B-00C04F79EFBC}") = "Lecture12Examples", "Lecture12Examples\Lecture12Examples\Lecture12Examples.csproj", "{92677029-FD68-4CB6-96DD-BF4A23D02ED6}"
EndProject
Project("{96E2B04D-8817-42C6-938A-82C39BA4D311}") = "Lecture12ExamplesContent", "Lecture12Examples\Lecture12ExamplesContent\Lecture12ExamplesContent.contentproj", "{2D1834DE-EDE2-48E1-9547-341D41590BB0}"
EndProject
Global
	GlobalSection(SolutionConfigurationPlatforms) = preSolution
		Debug|Mixed Platforms = Debug|Mixed Platforms
		Debug|Windows Phone = Debug|Windows Phone
		Debug|x86 = Debug|x86
		Release|Mixed Platforms = Release|Mixed Platforms
		Release|Windows Phone = Release|Windows Phone
		Release|x86 = Release|x86
	EndGlobalSection
	GlobalSection(ProjectConfigurationPlatforms) = postSolution
		{3EA35BD5-6D52-4F97-8039-C54EAF5800AA}.Debug|Mixed Platforms.ActiveCfg = Debug|x86
		{3EA35BD5-6D52-4F97-8039-C54EAF5800AA}.Debug|Mixed Platforms.Build.0 = Debug|x86
		{3EA35BD5-6D52-4F97-8039-C54EAF5800AA}.Debug|Windows Phone.ActiveCfg = Debug|x86
		{3EA35BD5-6D52-4F97-8039-C54EAF5800AA}.Debug|Windows Phone.Build.0 = Debug|x86
		{3EA35BD5-6D52-4F97-8039-C54EAF5800AA}.Debug|x86.ActiveCfg = Debug|x86
		{3EA35BD5-6D52-4F97-8039-C54EAF5800AA}.Debug|x86.Build.0 = Debug|x86
		{3EA35BD5-6D52-4F97-8039-C54EAF5800AA}.Release|Mixed Platforms.ActiveCfg = Release|x86
		{3EA35BD5-6D52-4F97-8039-C54EAF5800AA}.Release|Mixed Platforms.Build.0 = Release|x86
		{3EA35BD5-6D52-4F97-8039-C54EAF5800AA}.Release|Windows Phone.ActiveCfg = Release|x86
		{3EA35BD5-6D52-4F97-8039-C54EAF5800AA}.Release|Windows Phone.Build.0 = Release|x86
		{3EA35BD5-6D52-4F97-8039-C54EAF5800AA}.Release|x86.ActiveCfg = Release|x86
		{3EA35BD5-6D52-4F97-8039-C54EAF5800AA}.Release|x86.Build.0 = Release|x86
		{B4EACE6C-38D9-4599-A4F2-62388F623523}.Debug|Mixed Platforms.ActiveCfg = Debug|x86
		{B4EACE6C-38D9-4599-A4F2-62388F623523}.Debug|Windows Phone.ActiveCfg = Debug|x86
		{B4EACE6C-38D9-4599-A4F2-62388F623523}.Debug|x86.ActiveCfg = Debug|x86
		{B4EACE6C-38D9-4599-A4F2-62388F623523}.Release|Mixed Platforms.ActiveCfg = Release|x86
		{B4EACE6C-38D9-4599-A4F2-62388F623523}.Release|Windows Phone.ActiveCfg = Release|x86
		{B4EACE6C-38D9-4599-A4F2-62388F623523}.Release|x86.ActiveCfg = Release|x86
		{C4ADE0E9-3529-4D38-B9DA-03EB638894E8}.Debug|Mixed Platforms.ActiveCfg = Debug|x86
		{C4ADE0E9-3529-4D38-B9DA-03EB638894E8}.Debug|Mixed Platforms.Build.0 = Debug|x86
		{C4ADE0E9-3529-4D38-B9DA-03EB638894E8}.Debug|Windows Phone.ActiveCfg = Debug|x86
		{C4ADE0E9-3529-4D38-B9DA-03EB638894E8}.Debug|Windows Phone.Build.0 = Debug|x86
		{C4ADE0E9-3529-4D38-B9DA-03EB638894E8}.Debug|x86.ActiveCfg = Debug|x86
		{C4ADE0E9-3529-4D38-B9DA-03EB638894E8}.Debug|x86.Build.0 = Debug|x86
		{C4ADE0E9-3529-4D38-B9DA-03EB638894E8}.Release|Mixed Platforms.ActiveCfg = Release|x86
		{C4ADE0E9-3529-4D38-B9DA-03EB638894E8}.Release|Mixed Platforms.Build.0 = Release|x86
		{C4ADE0E9-3529-4D38-B9DA-03EB638894E8}.Release|Windows Phone.ActiveCfg = Release|x86
		{C4ADE0E9-3529-4D38-B9DA-03EB638894E8}.Release|Windows Phone.Build.0 = Release|x86
		{C4ADE0E9-3529-4D38-B9DA-03EB638894E8}.Release|x86.ActiveCfg = Release|x86
		{C4ADE0E9-3529-4D38-B9DA-03EB638894E8}.Release|x86.Build.0 = Release|x86
		{CC0362A9-3C08-4AFA-BAFD-0FFF2BCA446E}.Debug|Mixed Platforms.ActiveCfg = Debug|x86
		{CC0362A9-3C08-4AFA-BAFD-0FFF2BCA446E}.Debug|Windows Phone.ActiveCfg = Debug|x86
		{CC0362A9-3C08-4AFA-BAFD-0FFF2BCA446E}.Debug|x86.ActiveCfg = Debug|x86
		{CC0362A9-3C08-4AFA-BAFD-0FFF2BCA446E}.Release|Mixed Platforms.ActiveCfg = Release|x86
		{CC0362A9-3C08-4AFA-BAFD-0FFF2BCA446E}.Release|Windows Phone.ActiveCfg = Release|x86
		{CC0362A9-3C08-4AFA-BAFD-0FFF2BCA446E}.Release|x86.ActiveCfg = Release|x86
		{ED6ED416-3B5A-4741-9082-079D54F85030}.Debug|Mixed Platforms.ActiveCfg = Debug|x86
		{ED6ED416-3B5A-4741-9082-079D54F85030}.Debug|Mixed Platforms.Build.0 = Debug|x86
		{ED6ED416-3B5A-4741-9082-079D54F85030}.Debug|Windows Phone.ActiveCfg = Debug|x86
		{ED6ED416-3B5A-4741-9082-079D54F85030}.Debug|Windows Phone.Build.0 = Debug|x86
		{ED6ED416-3B5A-4741-9082-079D54F85030}.Debug|x86.ActiveCfg = Debug|x86
		{ED6ED416-3B5A-4741-9082-079D54F85030}.Debug|x86.Build.0 = Debug|x86
		{ED6ED416-3B5A-4741-9082-079D54F85030}.Release|Mixed Platforms.ActiveCfg = Release|x86
		{ED6ED416-3B5A-4741-9082-079D54F85030}.Release|Mixed Platforms.Build.0 = Release|x86
		{ED6ED416-3B5A-4741-9082-079D54F85030}.Release|Windows Phone.ActiveCfg = Release|x86
		{ED6ED416-3B5A-4741-9082-079D54F85030}.Release|Windows Phone.Build.0 = Release|x86
		{ED6ED416-3B5A-4741-9082-079D54F85030}.Release|x86.ActiveCfg = Release|x86
		{ED6ED416-3B5A-4741-9082-079D54F85030}.Release|x86.Build.0 = Release|x86
		{6ACC4765-D087-4FF0-9426-675596AC75F1}.Debug|Mixed Platforms.ActiveCfg = Debug|x86
		{6ACC4765-D087-4FF0-9426-675596AC75F1}.Debug|Mixed Platforms.Build.0 = Debug|x86
		{6ACC4765-D087-4FF0-9426-675596AC75F1}.Debug|Windows Phone.ActiveCfg = Debug|x86
		{6ACC4765-D087-4FF0-9426-675596AC75F1}.Debug|Windows Phone.Build.0 = Debug|x86
		{6ACC4765-D087-4FF0-9426-675596AC75F1}.Debug|x86.ActiveCfg = Debug|x86
		{6ACC4765-D087-4FF0-9426-675596AC75F1}.Debug|x86.Build.0 = Debug|x86
		{6ACC4765-D087-4FF0-9426-675596AC75F1}.Release|Mixed Platforms.ActiveCfg = Release|x86
		{6ACC4765-D087-4FF0-9426-675596AC75F1}.Release|Mixed Platforms.Build.0 = Release|x86
		{6ACC4765-D087-4FF0-9426-675596AC75F1}.Release|Windows Phone.ActiveCfg = Release|x86
		{6ACC4765-D087-4FF0-9426-675596AC75F1}.Release|Windows Phone.Build.0 = Release|x86
		{6ACC4765-D087-4FF0-9426-675596AC75F1}.Release|x86.ActiveCfg = Release|x86
		{6ACC4765-D087-4FF0-9426-675596AC75F1}.Release|x86.Build.0 = Release|x86
		{F5E48649-FEB2-44B5-A71D-4988D18B0E6E}.Debug|Mixed Platforms.ActiveCfg = Debug|x86
		{F5E48649-FEB2-44B5-A71D-4988D18B0E6E}.Debug|Windows Phone.ActiveCfg = Debug|x86
		{F5E48649-FEB2-44B5-A71D-4988D18B0E6E}.Debug|x86.ActiveCfg = Debug|x86
		{F5E48649-FEB2-44B5-A71D-4988D18B0E6E}.Release|Mixed Platforms.ActiveCfg = Release|x86
		{F5E48649-FEB2-44B5-A71D-4988D18B0E6E}.Release|Windows Phone.ActiveCfg = Release|x86
		{F5E48649-FEB2-44B5-A71D-4988D18B0E6E}.Release|x86.ActiveCfg = Release|x86
		{0E807AAB-FBC3-43CF-A6AF-B05CCC4340C5}.Debug|Mixed Platforms.ActiveCfg = Debug|x86
		{0E807AAB-FBC3-43CF-A6AF-B05CCC4340C5}.Debug|Mixed Platforms.Build.0 = Debug|x86
		{0E807AAB-FBC3-43CF-A6AF-B05CCC4340C5}.Debug|Windows Phone.ActiveCfg = Debug|x86
		{0E807AAB-FBC3-43CF-A6AF-B05CCC4340C5}.Debug|Windows Phone.Build.0 = Debug|x86
		{0E807AAB-FBC3-43CF-A6AF-B05CCC4340C5}.Debug|x86.ActiveCfg = Debug|x86
		{0E807AAB-FBC3-43CF-A6AF-B05CCC4340C5}.Debug|x86.Build.0 = Debug|x86
		{0E807AAB-FBC3-43CF-A6AF-B05CCC4340C5}.Release|Mixed Platforms.ActiveCfg = Release|x86
		{0E807AAB-FBC3-43CF-A6AF-B05CCC4340C5}.Release|Mixed Platforms.Build.0 = Release|x86
		{0E807AAB-FBC3-43CF-A6AF-B05CCC4340C5}.Release|Windows Phone.ActiveCfg = Release|x86
		{0E807AAB-FBC3-43CF-A6AF-B05CCC4340C5}.Release|Windows Phone.Build.0 = Release|x86
		{0E807AAB-FBC3-43CF-A6AF-B05CCC4340C5}.Release|x86.ActiveCfg = Release|x86
		{0E807AAB-FBC3-43CF-A6AF-B05CCC4340C5}.Release|x86.Build.0 = Release|x86
		{630B8DBA-C8DD-4367-9076-4D897E2FA4C4}.Debug|Mixed Platforms.ActiveCfg = Debug|x86
		{630B8DBA-C8DD-4367-9076-4D897E2FA4C4}.Debug|Windows Phone.ActiveCfg = Debug|x86
		{630B8DBA-C8DD-4367-9076-4D897E2FA4C4}.Debug|x86.ActiveCfg = Debug|x86
		{630B8DBA-C8DD-4367-9076-4D897E2FA4C4}.Release|Mixed Platforms.ActiveCfg = Release|x86
		{630B8DBA-C8DD-4367-9076-4D897E2FA4C4}.Release|Windows Phone.ActiveCfg = Release|x86
		{630B8DBA-C8DD-4367-9076-4D897E2FA4C4}.Release|x86.ActiveCfg = Release|x86
		{7EA27BDE-0D6A-4CBE-8520-2025F703DBCA}.Debug|Mixed Platforms.ActiveCfg = Debug|x86
		{7EA27BDE-0D6A-4CBE-8520-2025F703DBCA}.Debug|Mixed Platforms.Build.0 = Debug|x86
		{7EA27BDE-0D6A-4CBE-8520-2025F703DBCA}.Debug|Windows Phone.ActiveCfg = Debug|x86
		{7EA27BDE-0D6A-4CBE-8520-2025F703DBCA}.Debug|Windows Phone.Build.0 = Debug|x86
		{7EA27BDE-0D6A-4CBE-8520-2025F703DBCA}.Debug|x86.ActiveCfg = Debug|x86
		{7EA27BDE-0D6A-4CBE-8520-2025F703DBCA}.Debug|x86.Build.0 = Debug|x86
		{7EA27BDE-0D6A-4CBE-8520-2025F703DBCA}.Release|Mixed Platforms.ActiveCfg = Release|x86
		{7EA27BDE-0D6A-4CBE-8520-2025F703DBCA}.Release|Mixed Platforms.Build.0 = Release|x86
		{7EA27BDE-0D6A-4CBE-8520-2025F703DBCA}.Release|Windows Phone.ActiveCfg = Release|x86
		{7EA27BDE-0D6A-4CBE-8520-2025F703DBCA}.Release|Windows Phone.Build.0 = Release|x86
		{7EA27BDE-0D6A-4CBE-8520-2025F703DBCA}.Release|x86.ActiveCfg = Release|x86
		{7EA27BDE-0D6A-4CBE-8520-2025F703DBCA}.Release|x86.Build.0 = Release|x86
		{9C1EE8BD-CA3B-4304-BA16-81BCB559B869}.Debug|Mixed Platforms.ActiveCfg = Debug|x86
		{9C1EE8BD-CA3B-4304-BA16-81BCB559B869}.Debug|Windows Phone.ActiveCfg = Debug|x86
		{9C1EE8BD-CA3B-4304-BA16-81BCB559B869}.Debug|x86.ActiveCfg = Debug|x86
		{9C1EE8BD-CA3B-4304-BA16-81BCB559B869}.Release|Mixed Platforms.ActiveCfg = Release|x86
		{9C1EE8BD-CA3B-4304-BA16-81BCB559B869}.Release|Windows Phone.ActiveCfg = Release|x86
		{9C1EE8BD-CA3B-4304-BA16-81BCB559B869}.Release|x86.ActiveCfg = Release|x86
		{1C542617-43B4-444F-8EB2-63A1801AF4A6}.Debug|Mixed Platforms.ActiveCfg = Debug|Windows Phone
		{1C542617-43B4-444F-8EB2-63A1801AF4A6}.Debug|Mixed Platforms.Build.0 = Debug|Windows Phone
		{1C542617-43B4-444F-8EB2-63A1801AF4A6}.Debug|Mixed Platforms.Deploy.0 = Debug|Windows Phone
		{1C542617-43B4-444F-8EB2-63A1801AF4A6}.Debug|Windows Phone.ActiveCfg = Debug|Windows Phone
		{1C542617-43B4-444F-8EB2-63A1801AF4A6}.Debug|Windows Phone.Build.0 = Debug|Windows Phone
		{1C542617-43B4-444F-8EB2-63A1801AF4A6}.Debug|Windows Phone.Deploy.0 = Debug|Windows Phone
		{1C542617-43B4-444F-8EB2-63A1801AF4A6}.Debug|x86.ActiveCfg = Debug|Windows Phone
		{1C542617-43B4-444F-8EB2-63A1801AF4A6}.Release|Mixed Platforms.ActiveCfg = Release|Windows Phone
		{1C542617-43B4-444F-8EB2-63A1801AF4A6}.Release|Mixed Platforms.Build.0 = Release|Windows Phone
		{1C542617-43B4-444F-8EB2-63A1801AF4A6}.Release|Mixed Platforms.Deploy.0 = Release|Windows Phone
		{1C542617-43B4-444F-8EB2-63A1801AF4A6}.Release|Windows Phone.ActiveCfg = Release|Windows Phone
		{1C542617-43B4-444F-8EB2-63A1801AF4A6}.Release|Windows Phone.Build.0 = Release|Windows Phone
		{1C542617-43B4-444F-8EB2-63A1801AF4A6}.Release|Windows Phone.Deploy.0 = Release|Windows Phone
		{1C542617-43B4-444F-8EB2-63A1801AF4A6}.Release|x86.ActiveCfg = Release|Windows Phone
		{439F9926-1A38-43CA-A82D-6E66C5550442}.Debug|Mixed Platforms.ActiveCfg = Debug|x86
		{439F9926-1A38-43CA-A82D-6E66C5550442}.Debug|Mixed Platforms.Build.0 = Debug|x86
		{439F9926-1A38-43CA-A82D-6E66C5550442}.Debug|Windows Phone.ActiveCfg = Debug|x86
		{439F9926-1A38-43CA-A82D-6E66C5550442}.Debug|x86.ActiveCfg = Debug|x86
		{439F9926-1A38-43CA-A82D-6E66C5550442}.Debug|x86.Build.0 = Debug|x86
		{439F9926-1A38-43CA-A82D-6E66C5550442}.Release|Mixed Platforms.ActiveCfg = Release|x86
		{439F9926-1A38-43CA-A82D-6E66C5550442}.Release|Mixed Platforms.Build.0 = Release|x86
		{439F9926-1A38-43CA-A82D-6E66C5550442}.Release|Windows Phone.ActiveCfg = Release|x86
		{439F9926-1A38-43CA-A82D-6E66C5550442}.Release|x86.ActiveCfg = Release|x86
		{439F9926-1A38-43CA-A82D-6E66C5550442}.Release|x86.Build.0 = Release|x86
		{5DE40937-807D-45BF-979C-C52A713DCFCE}.Debug|Mixed Platforms.ActiveCfg = Debug|x86
		{5DE40937-807D-45BF-979C-C52A713DCFCE}.Debug|Mixed Platforms.Build.0 = Debug|x86
		{5DE40937-807D-45BF-979C-C52A713DCFCE}.Debug|Windows Phone.ActiveCfg = Debug|x86
		{5DE40937-807D-45BF-979C-C52A713DCFCE}.Debug|x86.ActiveCfg = Debug|x86
		{5DE40937-807D-45BF-979C-C52A713DCFCE}.Debug|x86.Build.0 = Debug|x86
		{5DE40937-807D-45BF-979C-C52A713DCFCE}.Release|Mixed Platforms.ActiveCfg = Release|x86
		{5DE40937-807D-45BF-979C-C52A713DCFCE}.Release|Mixed Platforms.Build.0 = Release|x86
		{5DE40937-807D-45BF-979C-C52A713DCFCE}.Release|Windows Phone.ActiveCfg = Release|x86
		{5DE40937-807D-45BF-979C-C52A713DCFCE}.Release|x86.ActiveCfg = Release|x86
		{5DE40937-807D-45BF-979C-C52A713DCFCE}.Release|x86.Build.0 = Release|x86
		{BCA1F4AB-7E08-4505-BD05-5038D6FFEAC7}.Debug|Mixed Platforms.ActiveCfg = Debug|x86
		{BCA1F4AB-7E08-4505-BD05-5038D6FFEAC7}.Debug|Windows Phone.ActiveCfg = Debug|x86
		{BCA1F4AB-7E08-4505-BD05-5038D6FFEAC7}.Debug|x86.ActiveCfg = Debug|x86
		{BCA1F4AB-7E08-4505-BD05-5038D6FFEAC7}.Release|Mixed Platforms.ActiveCfg = Release|x86
		{BCA1F4AB-7E08-4505-BD05-5038D6FFEAC7}.Release|Windows Phone.ActiveCfg = Release|x86
		{BCA1F4AB-7E08-4505-BD05-5038D6FFEAC7}.Release|x86.ActiveCfg = Release|x86
		{92677029-FD68-4CB6-96DD-BF4A23D02ED6}.Debug|Mixed Platforms.ActiveCfg = Debug|x86
		{92677029-FD68-4CB6-96DD-BF4A23D02ED6}.Debug|Mixed Platforms.Build.0 = Debug|x86
		{92677029-FD68-4CB6-96DD-BF4A23D02ED6}.Debug|Windows Phone.ActiveCfg = Debug|x86
		{92677029-FD68-4CB6-96DD-BF4A23D02ED6}.Debug|x86.ActiveCfg = Debug|x86
		{92677029-FD68-4CB6-96DD-BF4A23D02ED6}.Debug|x86.Build.0 = Debug|x86
		{92677029-FD68-4CB6-96DD-BF4A23D02ED6}.Release|Mixed Platforms.ActiveCfg = Release|x86
		{92677029-FD68-4CB6-96DD-BF4A23D02ED6}.Release|Mixed Platforms.Build.0 = Release|x86
		{92677029-FD68-4CB6-96DD-BF4A23D02ED6}.Release|Windows Phone.ActiveCfg = Release|x86
		{92677029-FD68-4CB6-96DD-BF4A23D02ED6}.Release|x86.ActiveCfg = Release|x86
		{92677029-FD68-4CB6-96DD-BF4A23D02ED6}.Release|x86.Build.0 = Release|x86
		{2D1834DE-EDE2-48E1-9547-341D41590BB0}.Debug|Mixed Platforms.ActiveCfg = Debug|x86
		{2D1834DE-EDE2-48E1-9547-341D41590BB0}.Debug|Windows Phone.ActiveCfg = Debug|x86
		{2D1834DE-EDE2-48E1-9547-341D41590BB0}.Debug|x86.ActiveCfg = Debug|x86
		{2D1834DE-EDE2-48E1-9547-341D41590BB0}.Release|Mixed Platforms.ActiveCfg = Release|x86
		{2D1834DE-EDE2-48E1-9547-341D41590BB0}.Release|Windows Phone.ActiveCfg = Release|x86
		{2D1834DE-EDE2-48E1-9547-341D41590BB0}.Release|x86.ActiveCfg = Release|x86
	EndGlobalSection
	GlobalSection(SolutionProperties) = preSolution
		HideSolutionNode = FALSE
	EndGlobalSection
EndGlobal
